{
  "originHash" : "2415260cb9322dab0341e340b8273ef3ebbcd76bea2e4ca2ae4cb0e97f073fde",
  "pins" : [
    {
      "identity" : "occtswift",
      "kind" : "remoteSourceControl",
      "location" : "https://github.com/SecondMouseAU/OCCTSwift.git",
      "state" : {
        "revision" : "0c9f9274e4ff2a4fd422291a45b3560161dbbe64",
        "version" : "3.0.0"
      }
    }
  ],
  "version" : 3
}
